
Microsoft Visual Studio Solution File, Format Version 12.00
# Visual Studio Version 17
VisualStudioVersion = 17.10.35122.118
MinimumVisualStudioVersion = 10.0.40219.1
Project("{FAE04EC0-301F-11D3-BF4B-00C04F79EFBC}") = "CodifyTube", "CodifyTube\CodifyTube.csproj", "{4B26E8BC-4B71-4409-8359-F8E304E52099}"
EndProject
Project("{54435603-DBB4-11D2-8724-00A0C9A8B90C}") = "CodifyTube Setup", "CodifyTube Setup\CodifyTube Setup.vdproj", "{018E0D4E-08F0-488A-9DC1-E954DC402052}"
EndProject
Global
	GlobalSection(SolutionConfigurationPlatforms) = preSolution
		Debug|Any CPU = Debug|Any CPU
		Release|Any CPU = Release|Any CPU
	EndGlobalSection
	GlobalSection(ProjectConfigurationPlatforms) = postSolution
		{4B26E8BC-4B71-4409-8359-F8E304E52099}.Debug|Any CPU.ActiveCfg = Debug|Any CPU
		{4B26E8BC-4B71-4409-8359-F8E304E52099}.Debug|Any CPU.Build.0 = Debug|Any CPU
		{4B26E8BC-4B71-4409-8359-F8E304E52099}.Release|Any CPU.ActiveCfg = Release|Any CPU
		{4B26E8BC-4B71-4409-8359-F8E304E52099}.Release|Any CPU.Build.0 = Release|Any CPU
		{018E0D4E-08F0-488A-9DC1-E954DC402052}.Debug|Any CPU.ActiveCfg = Debug
		{018E0D4E-08F0-488A-9DC1-E954DC402052}.Release|Any CPU.ActiveCfg = Release
	EndGlobalSection
	GlobalSection(SolutionProperties) = preSolution
		HideSolutionNode = FALSE
	EndGlobalSection
	GlobalSection(ExtensibilityGlobals) = postSolution
		SolutionGuid = {8E390A0B-568B-4A3F-B4AE-7DBAEA4983D7}
	EndGlobalSection
EndGlobal
